// !$*UTF8*$!
{
	archiveVersion = 1;
	classes = {
	};
	objectVersion = 48;
	objects = {

/* Begin PBXBuildFile section */
		145F7CE41FC72A3500D6F5CD /* AppDelegate.swift in Sources */ = {isa = PBXBuildFile; fileRef = 145F7CE31FC72A3500D6F5CD /* AppDelegate.swift */; };
		145F7CE61FC72A3500D6F5CD /* ViewController.swift in Sources */ = {isa = PBXBuildFile; fileRef = 145F7CE51FC72A3500D6F5CD /* ViewController.swift */; };
		145F7CE91FC72A3500D6F5CD /* Main.storyboard in Resources */ = {isa = PBXBuildFile; fileRef = 145F7CE71FC72A3500D6F5CD /* Main.storyboard */; };
		145F7CEB1FC72A3500D6F5CD /* Assets.xcassets in Resources */ = {isa = PBXBuildFile; fileRef = 145F7CEA1FC72A3500D6F5CD /* Assets.xcassets */; };
		145F7CEE1FC72A3500D6F5CD /* LaunchScreen.storyboard in Resources */ = {isa = PBXBuildFile; fileRef = 145F7CEC1FC72A3500D6F5CD /* LaunchScreen.storyboard */; };
		14D72A7E1FC7764200AE56FA /* Card.swift in Sources */ = {isa = PBXBuildFile; fileRef = 14D72A7D1FC7764200AE56FA /* Card.swift */; };
		14D72A841FC7776300AE56FA /* Concentration.swift in Sources */ = {isa = PBXBuildFile; fileRef = 14D72A831FC7776300AE56FA /* Concentration.swift */; };
/* End PBXBuildFile section */

/* Begin PBXFileReference section */
		145F7CE01FC72A3500D6F5CD /* Concentration.app */ = {isa = PBXFileReference; explicitFileType = wrapper.application; includeInIndex = 0; path = Concentration.app; sourceTree = BUILT_PRODUCTS_DIR; };
		145F7CE31FC72A3500D6F5CD /* AppDelegate.swift */ = {isa = PBXFileReference; lastKnownFileType = sourcecode.swift; path = AppDelegate.swift; sourceTree = "<group>"; };
		145F7CE51FC72A3500D6F5CD /* ViewController.swift */ = {isa = PBXFileReference; lastKnownFileType = sourcecode.swift; path = ViewController.swift; sourceTree = "<group>"; };
		145F7CE81FC72A3500D6F5CD /* Base */ = {isa = PBXFileReference; lastKnownFileType = file.storyboard; name = Base; path = Base.lproj/Main.storyboard; sourceTree = "<group>"; };
		145F7CEA1FC72A3500D6F5CD /* Assets.xcassets */ = {isa = PBXFileReference; lastKnownFileType = folder.assetcatalog; path = Assets.xcassets; sourceTree = "<group>"; };
		145F7CED1FC72A3500D6F5CD /* Base */ = {isa = PBXFileReference; lastKnownFileType = file.storyboard; name = Base; path = Base.lproj/LaunchScreen.storyboard; sourceTree = "<group>"; };
		145F7CEF1FC72A3500D6F5CD /* Info.plist */ = {isa = PBXFileReference; lastKnownFileType = text.plist.xml; path = Info.plist; sourceTree = "<group>"; };
		14D72A7D1FC7764200AE56FA /* Card.swift */ = {isa = PBXFileReference; lastKnownFileType = sourcecode.swift; path = Card.swift; sourceTree = "<group>"; };
		14D72A831FC7776300AE56FA /* Concentration.swift */ = {isa = PBXFileReference; lastKnownFileType = sourcecode.swift; path = Concentration.swift; sourceTree = "<group>"; };
/* End PBXFileReference section */

/* Begin PBXFrameworksBuildPhase section */
		145F7CDD1FC72A3500D6F5CD /* Frameworks */ = {
			isa = PBXFrameworksBuildPhase;
			buildActionMask = 2147483647;
			files = (
			);
			runOnlyForDeploymentPostprocessing = 0;
		};
/* End PBXFrameworksBuildPhase section */

/* Begin PBXGroup section */
		145F7CD71FC72A3400D6F5CD = {
			isa = PBXGroup;
			children = (
				145F7CE21FC72A3500D6F5CD /* Concentration */,
				145F7CE11FC72A3500D6F5CD /* Products */,
			);
			sourceTree = "<group>";
		};
		145F7CE11FC72A3500D6F5CD /* Products */ = {
			isa = PBXGroup;
			children = (
				145F7CE01FC72A3500D6F5CD /* Concentration.app */,
			);
			name = Products;
			sourceTree = "<group>";
		};
		145F7CE21FC72A3500D6F5CD /* Concentration */ = {
			isa = PBXGroup;
			children = (
				14D72A831FC7776300AE56FA /* Concentration.swift */,
				14D72A7A1FC72B8D00AE56FA /* Supporting Files */,
				145F7CE51FC72A3500D6F5CD /* ViewController.swift */,
				145F7CE71FC72A3500D6F5CD /* Main.storyboard */,
				14D72A7D1FC7764200AE56FA /* Card.swift */,
				145F7CEF1FC72A3500D6F5CD /* Info.plist */,
			);
			path = Concentration;
			sourceTree = "<group>";
		};
		14D72A7A1FC72B8D00AE56FA /* Supporting Files */ = {
			isa = PBXGroup;
			children = (
				145F7CE31FC72A3500D6F5CD /* AppDelegate.swift */,
				145F7CEA1FC72A3500D6F5CD /* Assets.xcassets */,
				145F7CEC1FC72A3500D6F5CD /* LaunchScreen.storyboard */,
			);
			path = "Supporting Files";
			sourceTree = "<group>";
		};
/* End PBXGroup section */

/* Begin PBXNativeTarget section */
		145F7CDF1FC72A3500D6F5CD /* Concentration */ = {
			isa = PBXNativeTarget;
			buildConfigurationList = 145F7CF21FC72A3500D6F5CD /* Build configuration list for PBXNativeTarget "Concentration" */;
			buildPhases = (
				145F7CDC1FC72A3500D6F5CD /* Sources */,
				145F7CDD1FC72A3500D6F5CD /* Frameworks */,
				145F7CDE1FC72A3500D6F5CD /* Resources */,
			);
			buildRules = (
			);
			dependencies = (
			);
			name = Concentration;
			productName = Concentration;
			productReference = 145F7CE01FC72A3500D6F5CD /* Concentration.app */;
			productType = "com.apple.product-type.application";
		};
/* End PBXNativeTarget section */

/* Begin PBXProject section */
		145F7CD81FC72A3400D6F5CD /* Project object */ = {
			isa = PBXProject;
			attributes = {
				LastSwiftUpdateCheck = 0910;
				LastUpgradeCheck = 0910;
				ORGANIZATIONNAME = "SUREN HARUTYUNYAN";
				TargetAttributes = {
					145F7CDF1FC72A3500D6F5CD = {
						CreatedOnToolsVersion = 9.1;
						ProvisioningStyle = Automatic;
					};
				};
			};
			buildConfigurationList = 145F7CDB1FC72A3400D6F5CD /* Build configuration list for PBXProject "Concentration" */;
			compatibilityVersion = "Xcode 8.0";
			developmentRegion = en;
			hasScannedForEncodings = 0;
			knownRegions = (
				en,
				Base,
			);
			mainGroup = 145F7CD71FC72A3400D6F5CD;
			productRefGroup = 145F7CE11FC72A3500D6F5CD /* Products */;
			projectDirPath = "";
			projectRoot = "";
			targets = (
				145F7CDF1FC72A3500D6F5CD /* Concentration */,
			);
		};
/* End PBXProject section */

/* Begin PBXResourcesBuildPhase section */
		145F7CDE1FC72A3500D6F5CD /* Resources */ = {
			isa = PBXResourcesBuildPhase;
			buildActionMask = 2147483647;
			files = (
				145F7CEE1FC72A3500D6F5CD /* LaunchScreen.storyboard in Resources */,
				145F7CEB1FC72A3500D6F5CD /* Assets.xcassets in Resources */,
				145F7CE91FC72A3500D6F5CD /* Main.storyboard in Resources */,
			);
			runOnlyForDeploymentPostprocessing = 0;
		};
/* End PBXResourcesBuildPhase section */

/* Begin PBXSourcesBuildPhase section */
		145F7CDC1FC72A3500D6F5CD /* Sources */ = {
			isa = PBXSourcesBuildPhase;
			buildActionMask = 2147483647;
			files = (
				145F7CE61FC72A3500D6F5CD /* ViewController.swift in Sources */,
				14D72A841FC7776300AE56FA /* Concentration.swift in Sources */,
				145F7CE41FC72A3500D6F5CD /* AppDelegate.swift in Sources */,
				14D72A7E1FC7764200AE56FA /* Card.swift in Sources */,
			);
			runOnlyForDeploymentPostprocessing = 0;
		};
/* End PBXSourcesBuildPhase section */

/* Begin PBXVariantGroup section */
		145F7CE71FC72A3500D6F5CD /* Main.storyboard */ = {
			isa = PBXVariantGroup;
			children = (
				145F7CE81FC72A3500D6F5CD /* Base */,
			);
			name = Main.storyboard;
			sourceTree = "<group>";
		};
		145F7CEC1FC72A3500D6F5CD /* LaunchScreen.storyboard */ = {
			isa = PBXVariantGroup;
			children = (
				145F7CED1FC72A3500D6F5CD /* Base */,
			);
			name = LaunchScreen.storyboard;
			sourceTree = "<group>";
		};
/* End PBXVariantGroup section */

/* Begin XCBuildConfiguration section */
		145F7CF01FC72A3500D6F5CD /* Debug */ = {
			isa = XCBuildConfiguration;
			buildSettings = {
				ALWAYS_SEARCH_USER_PATHS = NO;
				CLANG_ANALYZER_NONNULL = YES;
				CLANG_ANALYZER_NUMBER_OBJECT_CONVERSION = YES_AGGRESSIVE;
				CLANG_CXX_LANGUAGE_STANDARD = "gnu++14";
				CLANG_CXX_LIBRARY = "libc++";
				CLANG_ENABLE_MODULES = YES;
				CLANG_ENABLE_OBJC_ARC = YES;
				CLANG_WARN_BLOCK_CAPTURE_AUTORELEASING = YES;
				CLANG_WARN_BOOL_CONVERSION = YES;
				CLANG_WARN_COMMA = YES;
				CLANG_WARN_CONSTANT_CONVERSION = YES;
				CLANG_WARN_DIRECT_OBJC_ISA_USAGE = YES_ERROR;
				CLANG_WARN_DOCUMENTATION_COMMENTS = YES;
				CLANG_WARN_EMPTY_BODY = YES;
				CLANG_WARN_ENUM_CONVERSION = YES;
				CLANG_WARN_INFINITE_RECURSION = YES;
				CLANG_WARN_INT_CONVERSION = YES;
				CLANG_WARN_NON_LITERAL_NULL_CONVERSION = YES;
				CLANG_WARN_OBJC_LITERAL_CONVERSION = YES;
				CLANG_WARN_OBJC_ROOT_CLASS = YES_ERROR;
				CLANG_WARN_RANGE_LOOP_ANALYSIS = YES;
				CLANG_WARN_STRICT_PROTOTYPES = YES;
				CLANG_WARN_SUSPICIOUS_MOVE = YES;
				CLANG_WARN_UNGUARDED_AVAILABILITY = YES_AGGRESSIVE;
				CLANG_WARN_UNREACHABLE_CODE = YES;
				CLANG_WARN__DUPLICATE_METHOD_MATCH = YES;
				CODE_SIGN_IDENTITY = "iPhone Developer";
				COPY_PHASE_STRIP = NO;
				DEBUG_INFORMATION_FORMAT = dwarf;
				ENABLE_STRICT_OBJC_MSGSEND = YES;
				ENABLE_TESTABILITY = YES;
				GCC_C_LANGUAGE_STANDARD = gnu11;
				GCC_DYNAMIC_NO_PIC = NO;
				GCC_NO_COMMON_BLOCKS = YES;
				GCC_OPTIMIZATION_LEVEL = 0;
				GCC_PREPROCESSOR_DEFINITIONS = (
					"DEBUG=1",
					"$(inherited)",
				);
				GCC_WARN_64_TO_32_BIT_CONVERSION = YES;
				GCC_WARN_ABOUT_RETURN_TYPE = YES_ERROR;
				GCC_WARN_UNDECLARED_SELECTOR = YES;
				GCC_WARN_UNINITIALIZED_AUTOS = YES_AGGRESSIVE;
				GCC_WARN_UNUSED_FUNCTION = YES;
				GCC_WARN_UNUSED_VARIABLE = YES;
				IPHONEOS_DEPLOYMENT_TARGET = 11.1;
				MTL_ENABLE_DEBUG_INFO = YES;
				ONLY_ACTIVE_ARCH = YES;
				SDKROOT = iphoneos;
				SWIFT_ACTIVE_COMPILATION_CONDITIONS = DEBUG;
				SWIFT_OPTIMIZATION_LEVEL = "-Onone";
			};
			name = Debug;
		};
		145F7CF11FC72A3500D6F5CD /* Release */ = {
			isa = XCBuildConfiguration;
			buildSettings = {
				ALWAYS_SEARCH_USER_PATHS = NO;
				CLANG_ANALYZER_NONNULL = YES;
				CLANG_ANALYZER_NUMBER_OBJECT_CONVERSION = YES_AGGRESSIVE;
				CLANG_CXX_LANGUAGE_STANDARD = "gnu++14";
				CLANG_CXX_LIBRARY = "libc++";
				CLANG_ENABLE_MODULES = YES;
				CLANG_ENABLE_OBJC_ARC = YES;
				CLANG_WARN_BLOCK_CAPTURE_AUTORELEASING = YES;
				CLANG_WARN_BOOL_CONVERSION = YES;
				CLANG_WARN_COMMA = YES;
				CLANG_WARN_CONSTANT_CONVERSION = YES;
				CLANG_WARN_DIRECT_OBJC_ISA_USAGE = YES_ERROR;
				CLANG_WARN_DOCUMENTATION_COMMENTS = YES;
				CLANG_WARN_EMPTY_BODY = YES;
				CLANG_WARN_ENUM_CONVERSION = YES;
				CLANG_WARN_INFINITE_RECURSION = YES;
				CLANG_WARN_INT_CONVERSION = YES;
				CLANG_WARN_NON_LITERAL_NULL_CONVERSION = YES;
				CLANG_WARN_OBJC_LITERAL_CONVERSION = YES;
				CLANG_WARN_OBJC_ROOT_CLASS = YES_ERROR;
				CLANG_WARN_RANGE_LOOP_ANALYSIS = YES;
				CLANG_WARN_STRICT_PROTOTYPES = YES;
				CLANG_WARN_SUSPICIOUS_MOVE = YES;
				CLANG_WARN_UNGUARDED_AVAILABILITY = YES_AGGRESSIVE;
				CLANG_WARN_UNREACHABLE_CODE = YES;
				CLANG_WARN__DUPLICATE_METHOD_MATCH = YES;
				CODE_SIGN_IDENTITY = "iPhone Developer";
				COPY_PHASE_STRIP = NO;
				DEBUG_INFORMATION_FORMAT = "dwarf-with-dsym";
				ENABLE_NS_ASSERTIONS = NO;
				ENABLE_STRICT_OBJC_MSGSEND = YES;
				GCC_C_LANGUAGE_STANDARD = gnu11;
				GCC_NO_COMMON_BLOCKS = YES;
				GCC_WARN_64_TO_32_BIT_CONVERSION = YES;
				GCC_WARN_ABOUT_RETURN_TYPE = YES_ERROR;
				GCC_WARN_UNDECLARED_SELECTOR = YES;
				GCC_WARN_UNINITIALIZED_AUTOS = YES_AGGRESSIVE;
				GCC_WARN_UNUSED_FUNCTION = YES;
				GCC_WARN_UNUSED_VARIABLE = YES;
				IPHONEOS_DEPLOYMENT_TARGET = 11.1;
				MTL_ENABLE_DEBUG_INFO = NO;
				SDKROOT = iphoneos;
				SWIFT_OPTIMIZATION_LEVEL = "-Owholemodule";
				VALIDATE_PRODUCT = YES;
			};
			name = Release;
		};
		145F7CF31FC72A3500D6F5CD /* Debug */ = {
			isa = XCBuildConfiguration;
			buildSettings = {
				ASSETCATALOG_COMPILER_APPICON_NAME = AppIcon;
				CODE_SIGN_STYLE = Automatic;
				DEVELOPMENT_TEAM = "";
				INFOPLIST_FILE = Concentration/Info.plist;
				LD_RUNPATH_SEARCH_PATHS = "$(inherited) @executable_path/Frameworks";
				PRODUCT_BUNDLE_IDENTIFIER = "SUREN-HARUTYUNYAN.Concentration";
				PRODUCT_NAME = "$(TARGET_NAME)";
				SWIFT_VERSION = 4.0;
				TARGETED_DEVICE_FAMILY = "1,2";
			};
			name = Debug;
		};
		145F7CF41FC72A3500D6F5CD /* Release */ = {
			isa = XCBuildConfiguration;
			buildSettings = {
				ASSETCATALOG_COMPILER_APPICON_NAME = AppIcon;
				CODE_SIGN_STYLE = Automatic;
				DEVELOPMENT_TEAM = "";
				INFOPLIST_FILE = Concentration/Info.plist;
				LD_RUNPATH_SEARCH_PATHS = "$(inherited) @executable_path/Frameworks";
				PRODUCT_BUNDLE_IDENTIFIER = "SUREN-HARUTYUNYAN.Concentration";
				PRODUCT_NAME = "$(TARGET_NAME)";
				SWIFT_VERSION = 4.0;
				TARGETED_DEVICE_FAMILY = "1,2";
			};
			name = Release;
		};
/* End XCBuildConfiguration section */

/* Begin XCConfigurationList section */
		145F7CDB1FC72A3400D6F5CD /* Build configuration list for PBXProject "Concentration" */ = {
			isa = XCConfigurationList;
			buildConfigurations = (
				145F7CF01FC72A3500D6F5CD /* Debug */,
				145F7CF11FC72A3500D6F5CD /* Release */,
			);
			defaultConfigurationIsVisible = 0;
			defaultConfigurationName = Release;
		};
		145F7CF21FC72A3500D6F5CD /* Build configuration list for PBXNativeTarget "Concentration" */ = {
			isa = XCConfigurationList;
			buildConfigurations = (
				145F7CF31FC72A3500D6F5CD /* Debug */,
				145F7CF41FC72A3500D6F5CD /* Release */,
			);
			defaultConfigurationIsVisible = 0;
			defaultConfigurationName = Release;
		};
/* End XCConfigurationList section */
	};
	rootObject = 145F7CD81FC72A3400D6F5CD /* Project object */;
}
